// !$*UTF8*$!
{
	archiveVersion = 1;
	classes = {
	};
	objectVersion = 56;
	objects = {

/* Begin PBXBuildFile section */
		D60E8C072A72CAA5009CC296 /* TodoCell.swift in Sources */ = {isa = PBXBuildFile; fileRef = D60E8C062A72CAA5009CC296 /* TodoCell.swift */; };
		D60E8C092A73503D009CC296 /* CutsumTableViewController.swift in Sources */ = {isa = PBXBuildFile; fileRef = D60E8C082A73503D009CC296 /* CutsumTableViewController.swift */; };
		D60E8C0B2A735288009CC296 /* CustomTableViewCell.swift in Sources */ = {isa = PBXBuildFile; fileRef = D60E8C0A2A735288009CC296 /* CustomTableViewCell.swift */; };
		D60E8C0D2A7389CA009CC296 /* Todo.swift in Sources */ = {isa = PBXBuildFile; fileRef = D60E8C0C2A7389CA009CC296 /* Todo.swift */; };
		D60E8C0F2A738A15009CC296 /* TodoInformation.swift in Sources */ = {isa = PBXBuildFile; fileRef = D60E8C0E2A738A15009CC296 /* TodoInformation.swift */; };
		D60E8C122A74BBAF009CC296 /* Movie.storyboard in Resources */ = {isa = PBXBuildFile; fileRef = D60E8C112A74BBAF009CC296 /* Movie.storyboard */; };
		D60E8C142A74BBD5009CC296 /* MovieTableViewController.swift in Sources */ = {isa = PBXBuildFile; fileRef = D60E8C132A74BBD5009CC296 /* MovieTableViewController.swift */; };
		D60E8C162A74BC0C009CC296 /* MovieTableViewCell.swift in Sources */ = {isa = PBXBuildFile; fileRef = D60E8C152A74BC0C009CC296 /* MovieTableViewCell.swift */; };
		D60E8C1A2A74E652009CC296 /* MovieInfo.swift in Sources */ = {isa = PBXBuildFile; fileRef = D60E8C192A74E652009CC296 /* MovieInfo.swift */; };
		D60E8C1C2A74E6AB009CC296 /* Movie.swift in Sources */ = {isa = PBXBuildFile; fileRef = D60E8C1B2A74E6AB009CC296 /* Movie.swift */; };
		D681FE492A72001000C1D6CB /* AppDelegate.swift in Sources */ = {isa = PBXBuildFile; fileRef = D681FE482A72001000C1D6CB /* AppDelegate.swift */; };
		D681FE4B2A72001000C1D6CB /* SceneDelegate.swift in Sources */ = {isa = PBXBuildFile; fileRef = D681FE4A2A72001000C1D6CB /* SceneDelegate.swift */; };
		D681FE4D2A72001000C1D6CB /* ViewController.swift in Sources */ = {isa = PBXBuildFile; fileRef = D681FE4C2A72001000C1D6CB /* ViewController.swift */; };
		D681FE502A72001000C1D6CB /* Main.storyboard in Resources */ = {isa = PBXBuildFile; fileRef = D681FE4E2A72001000C1D6CB /* Main.storyboard */; };
		D681FE522A72001100C1D6CB /* Assets.xcassets in Resources */ = {isa = PBXBuildFile; fileRef = D681FE512A72001100C1D6CB /* Assets.xcassets */; };
		D681FE552A72001100C1D6CB /* LaunchScreen.storyboard in Resources */ = {isa = PBXBuildFile; fileRef = D681FE532A72001100C1D6CB /* LaunchScreen.storyboard */; };
		D681FE5D2A720FEB00C1D6CB /* TodoTableViewController.swift in Sources */ = {isa = PBXBuildFile; fileRef = D681FE5C2A720FEB00C1D6CB /* TodoTableViewController.swift */; };
		D681FE5F2A7232E100C1D6CB /* StudyTableViewController.swift in Sources */ = {isa = PBXBuildFile; fileRef = D681FE5E2A7232E100C1D6CB /* StudyTableViewController.swift */; };
		D681FE612A72498700C1D6CB /* Extenstion.swift in Sources */ = {isa = PBXBuildFile; fileRef = D681FE602A72498700C1D6CB /* Extenstion.swift */; };
		D681FE8D2A7291FD00C1D6CB /* Setting.storyboard in Resources */ = {isa = PBXBuildFile; fileRef = D681FE8C2A7291FD00C1D6CB /* Setting.storyboard */; };
		D681FE8F2A72920D00C1D6CB /* Case1TableViewController.swift in Sources */ = {isa = PBXBuildFile; fileRef = D681FE8E2A72920D00C1D6CB /* Case1TableViewController.swift */; };
		D681FE912A72921500C1D6CB /* Case2TableViewController.swift in Sources */ = {isa = PBXBuildFile; fileRef = D681FE902A72921500C1D6CB /* Case2TableViewController.swift */; };
		D681FE932A72921A00C1D6CB /* Case3TableViewController.swift in Sources */ = {isa = PBXBuildFile; fileRef = D681FE922A72921A00C1D6CB /* Case3TableViewController.swift */; };
/* End PBXBuildFile section */

/* Begin PBXFileReference section */
		D60E8C062A72CAA5009CC296 /* TodoCell.swift */ = {isa = PBXFileReference; lastKnownFileType = sourcecode.swift; path = TodoCell.swift; sourceTree = "<group>"; };
		D60E8C082A73503D009CC296 /* CutsumTableViewController.swift */ = {isa = PBXFileReference; lastKnownFileType = sourcecode.swift; path = CutsumTableViewController.swift; sourceTree = "<group>"; };
		D60E8C0A2A735288009CC296 /* CustomTableViewCell.swift */ = {isa = PBXFileReference; lastKnownFileType = sourcecode.swift; path = CustomTableViewCell.swift; sourceTree = "<group>"; };
		D60E8C0C2A7389CA009CC296 /* Todo.swift */ = {isa = PBXFileReference; lastKnownFileType = sourcecode.swift; path = Todo.swift; sourceTree = "<group>"; };
		D60E8C0E2A738A15009CC296 /* TodoInformation.swift */ = {isa = PBXFileReference; lastKnownFileType = sourcecode.swift; path = TodoInformation.swift; sourceTree = "<group>"; };
		D60E8C112A74BBAF009CC296 /* Movie.storyboard */ = {isa = PBXFileReference; lastKnownFileType = file.storyboard; path = Movie.storyboard; sourceTree = "<group>"; };
		D60E8C132A74BBD5009CC296 /* MovieTableViewController.swift */ = {isa = PBXFileReference; lastKnownFileType = sourcecode.swift; path = MovieTableViewController.swift; sourceTree = "<group>"; };
		D60E8C152A74BC0C009CC296 /* MovieTableViewCell.swift */ = {isa = PBXFileReference; lastKnownFileType = sourcecode.swift; path = MovieTableViewCell.swift; sourceTree = "<group>"; };
		D60E8C192A74E652009CC296 /* MovieInfo.swift */ = {isa = PBXFileReference; fileEncoding = 4; lastKnownFileType = sourcecode.swift; name = MovieInfo.swift; path = ../../../../../../Downloads/MovieInfo.swift; sourceTree = "<group>"; };
		D60E8C1B2A74E6AB009CC296 /* Movie.swift */ = {isa = PBXFileReference; lastKnownFileType = sourcecode.swift; path = Movie.swift; sourceTree = "<group>"; };
		D681FE452A72001000C1D6CB /* SeSacWeek3.app */ = {isa = PBXFileReference; explicitFileType = wrapper.application; includeInIndex = 0; path = SeSacWeek3.app; sourceTree = BUILT_PRODUCTS_DIR; };
		D681FE482A72001000C1D6CB /* AppDelegate.swift */ = {isa = PBXFileReference; lastKnownFileType = sourcecode.swift; path = AppDelegate.swift; sourceTree = "<group>"; };
		D681FE4A2A72001000C1D6CB /* SceneDelegate.swift */ = {isa = PBXFileReference; lastKnownFileType = sourcecode.swift; path = SceneDelegate.swift; sourceTree = "<group>"; };
		D681FE4C2A72001000C1D6CB /* ViewController.swift */ = {isa = PBXFileReference; lastKnownFileType = sourcecode.swift; path = ViewController.swift; sourceTree = "<group>"; };
		D681FE4F2A72001000C1D6CB /* Base */ = {isa = PBXFileReference; lastKnownFileType = file.storyboard; name = Base; path = Base.lproj/Main.storyboard; sourceTree = "<group>"; };
		D681FE512A72001100C1D6CB /* Assets.xcassets */ = {isa = PBXFileReference; lastKnownFileType = folder.assetcatalog; path = Assets.xcassets; sourceTree = "<group>"; };
		D681FE542A72001100C1D6CB /* Base */ = {isa = PBXFileReference; lastKnownFileType = file.storyboard; name = Base; path = Base.lproj/LaunchScreen.storyboard; sourceTree = "<group>"; };
		D681FE562A72001100C1D6CB /* Info.plist */ = {isa = PBXFileReference; lastKnownFileType = text.plist.xml; path = Info.plist; sourceTree = "<group>"; };
		D681FE5C2A720FEB00C1D6CB /* TodoTableViewController.swift */ = {isa = PBXFileReference; lastKnownFileType = sourcecode.swift; path = TodoTableViewController.swift; sourceTree = "<group>"; };
		D681FE5E2A7232E100C1D6CB /* StudyTableViewController.swift */ = {isa = PBXFileReference; lastKnownFileType = sourcecode.swift; path = StudyTableViewController.swift; sourceTree = "<group>"; };
		D681FE602A72498700C1D6CB /* Extenstion.swift */ = {isa = PBXFileReference; lastKnownFileType = sourcecode.swift; path = Extenstion.swift; sourceTree = "<group>"; };
		D681FE8C2A7291FD00C1D6CB /* Setting.storyboard */ = {isa = PBXFileReference; lastKnownFileType = file.storyboard; path = Setting.storyboard; sourceTree = "<group>"; };
		D681FE8E2A72920D00C1D6CB /* Case1TableViewController.swift */ = {isa = PBXFileReference; lastKnownFileType = sourcecode.swift; path = Case1TableViewController.swift; sourceTree = "<group>"; };
		D681FE902A72921500C1D6CB /* Case2TableViewController.swift */ = {isa = PBXFileReference; lastKnownFileType = sourcecode.swift; path = Case2TableViewController.swift; sourceTree = "<group>"; };
		D681FE922A72921A00C1D6CB /* Case3TableViewController.swift */ = {isa = PBXFileReference; lastKnownFileType = sourcecode.swift; path = Case3TableViewController.swift; sourceTree = "<group>"; };
/* End PBXFileReference section */

/* Begin PBXFrameworksBuildPhase section */
		D681FE422A72001000C1D6CB /* Frameworks */ = {
			isa = PBXFrameworksBuildPhase;
			buildActionMask = 2147483647;
			files = (
			);
			runOnlyForDeploymentPostprocessing = 0;
		};
/* End PBXFrameworksBuildPhase section */

/* Begin PBXGroup section */
		D60E8C102A74BB9C009CC296 /* Movie */ = {
			isa = PBXGroup;
			children = (
				D60E8C192A74E652009CC296 /* MovieInfo.swift */,
				D60E8C112A74BBAF009CC296 /* Movie.storyboard */,
				D60E8C132A74BBD5009CC296 /* MovieTableViewController.swift */,
				D60E8C152A74BC0C009CC296 /* MovieTableViewCell.swift */,
				D60E8C1B2A74E6AB009CC296 /* Movie.swift */,
			);
			path = Movie;
			sourceTree = "<group>";
		};
		D681FE3C2A72001000C1D6CB = {
			isa = PBXGroup;
			children = (
				D681FE472A72001000C1D6CB /* SeSacWeek3 */,
				D681FE462A72001000C1D6CB /* Products */,
			);
			sourceTree = "<group>";
		};
		D681FE462A72001000C1D6CB /* Products */ = {
			isa = PBXGroup;
			children = (
				D681FE452A72001000C1D6CB /* SeSacWeek3.app */,
			);
			name = Products;
			sourceTree = "<group>";
		};
		D681FE472A72001000C1D6CB /* SeSacWeek3 */ = {
			isa = PBXGroup;
			children = (
				D698B5F22A78A6DF00ED3D28 /* Todocustum */,
				D60E8C102A74BB9C009CC296 /* Movie */,
				D681FE8B2A7291EB00C1D6CB /* Setting */,
				D681FE5C2A720FEB00C1D6CB /* TodoTableViewController.swift */,
				D681FE482A72001000C1D6CB /* AppDelegate.swift */,
				D681FE4A2A72001000C1D6CB /* SceneDelegate.swift */,
				D681FE4C2A72001000C1D6CB /* ViewController.swift */,
				D681FE4E2A72001000C1D6CB /* Main.storyboard */,
				D681FE602A72498700C1D6CB /* Extenstion.swift */,
				D681FE5E2A7232E100C1D6CB /* StudyTableViewController.swift */,
				D681FE512A72001100C1D6CB /* Assets.xcassets */,
				D681FE532A72001100C1D6CB /* LaunchScreen.storyboard */,
				D681FE562A72001100C1D6CB /* Info.plist */,
			);
			path = SeSacWeek3;
			sourceTree = "<group>";
		};
		D681FE8B2A7291EB00C1D6CB /* Setting */ = {
			isa = PBXGroup;
			children = (
				D681FE8C2A7291FD00C1D6CB /* Setting.storyboard */,
				D681FE8E2A72920D00C1D6CB /* Case1TableViewController.swift */,
				D681FE902A72921500C1D6CB /* Case2TableViewController.swift */,
				D681FE922A72921A00C1D6CB /* Case3TableViewController.swift */,
				D60E8C062A72CAA5009CC296 /* TodoCell.swift */,
			);
			path = Setting;
			sourceTree = "<group>";
		};
		D698B5F22A78A6DF00ED3D28 /* Todocustum */ = {
			isa = PBXGroup;
			children = (
				D60E8C0C2A7389CA009CC296 /* Todo.swift */,
				D60E8C0E2A738A15009CC296 /* TodoInformation.swift */,
				D60E8C082A73503D009CC296 /* CutsumTableViewController.swift */,
				D60E8C0A2A735288009CC296 /* CustomTableViewCell.swift */,
			);
			path = Todocustum;
			sourceTree = "<group>";
		};
/* End PBXGroup section */

/* Begin PBXNativeTarget section */
		D681FE442A72001000C1D6CB /* SeSacWeek3 */ = {
			isa = PBXNativeTarget;
			buildConfigurationList = D681FE592A72001100C1D6CB /* Build configuration list for PBXNativeTarget "SeSacWeek3" */;
			buildPhases = (
				D681FE412A72001000C1D6CB /* Sources */,
				D681FE422A72001000C1D6CB /* Frameworks */,
				D681FE432A72001000C1D6CB /* Resources */,
			);
			buildRules = (
			);
			dependencies = (
			);
			name = SeSacWeek3;
			productName = SeSacWeek3;
			productReference = D681FE452A72001000C1D6CB /* SeSacWeek3.app */;
			productType = "com.apple.product-type.application";
		};
/* End PBXNativeTarget section */

/* Begin PBXProject section */
		D681FE3D2A72001000C1D6CB /* Project object */ = {
			isa = PBXProject;
			attributes = {
				BuildIndependentTargetsInParallel = 1;
				LastSwiftUpdateCheck = 1430;
				LastUpgradeCheck = 1430;
				TargetAttributes = {
					D681FE442A72001000C1D6CB = {
						CreatedOnToolsVersion = 14.3.1;
					};
				};
			};
			buildConfigurationList = D681FE402A72001000C1D6CB /* Build configuration list for PBXProject "SeSacWeek3" */;
			compatibilityVersion = "Xcode 14.0";
			developmentRegion = en;
			hasScannedForEncodings = 0;
			knownRegions = (
				en,
				Base,
			);
			mainGroup = D681FE3C2A72001000C1D6CB;
			productRefGroup = D681FE462A72001000C1D6CB /* Products */;
			projectDirPath = "";
			projectRoot = "";
			targets = (
				D681FE442A72001000C1D6CB /* SeSacWeek3 */,
			);
		};
/* End PBXProject section */

/* Begin PBXResourcesBuildPhase section */
		D681FE432A72001000C1D6CB /* Resources */ = {
			isa = PBXResourcesBuildPhase;
			buildActionMask = 2147483647;
			files = (
				D60E8C122A74BBAF009CC296 /* Movie.storyboard in Resources */,
				D681FE552A72001100C1D6CB /* LaunchScreen.storyboard in Resources */,
				D681FE522A72001100C1D6CB /* Assets.xcassets in Resources */,
				D681FE502A72001000C1D6CB /* Main.storyboard in Resources */,
				D681FE8D2A7291FD00C1D6CB /* Setting.storyboard in Resources */,
			);
			runOnlyForDeploymentPostprocessing = 0;
		};
/* End PBXResourcesBuildPhase section */

/* Begin PBXSourcesBuildPhase section */
		D681FE412A72001000C1D6CB /* Sources */ = {
			isa = PBXSourcesBuildPhase;
			buildActionMask = 2147483647;
			files = (
				D60E8C1A2A74E652009CC296 /* MovieInfo.swift in Sources */,
				D681FE612A72498700C1D6CB /* Extenstion.swift in Sources */,
				D60E8C1C2A74E6AB009CC296 /* Movie.swift in Sources */,
				D681FE4D2A72001000C1D6CB /* ViewController.swift in Sources */,
				D681FE5D2A720FEB00C1D6CB /* TodoTableViewController.swift in Sources */,
				D60E8C072A72CAA5009CC296 /* TodoCell.swift in Sources */,
				D60E8C0F2A738A15009CC296 /* TodoInformation.swift in Sources */,
				D60E8C142A74BBD5009CC296 /* MovieTableViewController.swift in Sources */,
				D60E8C162A74BC0C009CC296 /* MovieTableViewCell.swift in Sources */,
				D681FE8F2A72920D00C1D6CB /* Case1TableViewController.swift in Sources */,
				D681FE5F2A7232E100C1D6CB /* StudyTableViewController.swift in Sources */,
				D60E8C0B2A735288009CC296 /* CustomTableViewCell.swift in Sources */,
				D681FE932A72921A00C1D6CB /* Case3TableViewController.swift in Sources */,
				D60E8C092A73503D009CC296 /* CutsumTableViewController.swift in Sources */,
				D681FE492A72001000C1D6CB /* AppDelegate.swift in Sources */,
				D681FE912A72921500C1D6CB /* Case2TableViewController.swift in Sources */,
				D60E8C0D2A7389CA009CC296 /* Todo.swift in Sources */,
				D681FE4B2A72001000C1D6CB /* SceneDelegate.swift in Sources */,
			);
			runOnlyForDeploymentPostprocessing = 0;
		};
/* End PBXSourcesBuildPhase section */

/* Begin PBXVariantGroup section */
		D681FE4E2A72001000C1D6CB /* Main.storyboard */ = {
			isa = PBXVariantGroup;
			children = (
				D681FE4F2A72001000C1D6CB /* Base */,
			);
			name = Main.storyboard;
			sourceTree = "<group>";
		};
		D681FE532A72001100C1D6CB /* LaunchScreen.storyboard */ = {
			isa = PBXVariantGroup;
			children = (
				D681FE542A72001100C1D6CB /* Base */,
			);
			name = LaunchScreen.storyboard;
			sourceTree = "<group>";
		};
/* End PBXVariantGroup section */

/* Begin XCBuildConfiguration section */
		D681FE572A72001100C1D6CB /* Debug */ = {
			isa = XCBuildConfiguration;
			buildSettings = {
				ALWAYS_SEARCH_USER_PATHS = NO;
				CLANG_ANALYZER_NONNULL = YES;
				CLANG_ANALYZER_NUMBER_OBJECT_CONVERSION = YES_AGGRESSIVE;
				CLANG_CXX_LANGUAGE_STANDARD = "gnu++20";
				CLANG_ENABLE_MODULES = YES;
				CLANG_ENABLE_OBJC_ARC = YES;
				CLANG_ENABLE_OBJC_WEAK = YES;
				CLANG_WARN_BLOCK_CAPTURE_AUTORELEASING = YES;
				CLANG_WARN_BOOL_CONVERSION = YES;
				CLANG_WARN_COMMA = YES;
				CLANG_WARN_CONSTANT_CONVERSION = YES;
				CLANG_WARN_DEPRECATED_OBJC_IMPLEMENTATIONS = YES;
				CLANG_WARN_DIRECT_OBJC_ISA_USAGE = YES_ERROR;
				CLANG_WARN_DOCUMENTATION_COMMENTS = YES;
				CLANG_WARN_EMPTY_BODY = YES;
				CLANG_WARN_ENUM_CONVERSION = YES;
				CLANG_WARN_INFINITE_RECURSION = YES;
				CLANG_WARN_INT_CONVERSION = YES;
				CLANG_WARN_NON_LITERAL_NULL_CONVERSION = YES;
				CLANG_WARN_OBJC_IMPLICIT_RETAIN_SELF = YES;
				CLANG_WARN_OBJC_LITERAL_CONVERSION = YES;
				CLANG_WARN_OBJC_ROOT_CLASS = YES_ERROR;
				CLANG_WARN_QUOTED_INCLUDE_IN_FRAMEWORK_HEADER = YES;
				CLANG_WARN_RANGE_LOOP_ANALYSIS = YES;
				CLANG_WARN_STRICT_PROTOTYPES = YES;
				CLANG_WARN_SUSPICIOUS_MOVE = YES;
				CLANG_WARN_UNGUARDED_AVAILABILITY = YES_AGGRESSIVE;
				CLANG_WARN_UNREACHABLE_CODE = YES;
				CLANG_WARN__DUPLICATE_METHOD_MATCH = YES;
				COPY_PHASE_STRIP = NO;
				DEBUG_INFORMATION_FORMAT = dwarf;
				ENABLE_STRICT_OBJC_MSGSEND = YES;
				ENABLE_TESTABILITY = YES;
				GCC_C_LANGUAGE_STANDARD = gnu11;
				GCC_DYNAMIC_NO_PIC = NO;
				GCC_NO_COMMON_BLOCKS = YES;
				GCC_OPTIMIZATION_LEVEL = 0;
				GCC_PREPROCESSOR_DEFINITIONS = (
					"DEBUG=1",
					"$(inherited)",
				);
				GCC_WARN_64_TO_32_BIT_CONVERSION = YES;
				GCC_WARN_ABOUT_RETURN_TYPE = YES_ERROR;
				GCC_WARN_UNDECLARED_SELECTOR = YES;
				GCC_WARN_UNINITIALIZED_AUTOS = YES_AGGRESSIVE;
				GCC_WARN_UNUSED_FUNCTION = YES;
				GCC_WARN_UNUSED_VARIABLE = YES;
				IPHONEOS_DEPLOYMENT_TARGET = 16.4;
				MTL_ENABLE_DEBUG_INFO = INCLUDE_SOURCE;
				MTL_FAST_MATH = YES;
				ONLY_ACTIVE_ARCH = YES;
				SDKROOT = iphoneos;
				SWIFT_ACTIVE_COMPILATION_CONDITIONS = DEBUG;
				SWIFT_OPTIMIZATION_LEVEL = "-Onone";
			};
			name = Debug;
		};
		D681FE582A72001100C1D6CB /* Release */ = {
			isa = XCBuildConfiguration;
			buildSettings = {
				ALWAYS_SEARCH_USER_PATHS = NO;
				CLANG_ANALYZER_NONNULL = YES;
				CLANG_ANALYZER_NUMBER_OBJECT_CONVERSION = YES_AGGRESSIVE;
				CLANG_CXX_LANGUAGE_STANDARD = "gnu++20";
				CLANG_ENABLE_MODULES = YES;
				CLANG_ENABLE_OBJC_ARC = YES;
				CLANG_ENABLE_OBJC_WEAK = YES;
				CLANG_WARN_BLOCK_CAPTURE_AUTORELEASING = YES;
				CLANG_WARN_BOOL_CONVERSION = YES;
				CLANG_WARN_COMMA = YES;
				CLANG_WARN_CONSTANT_CONVERSION = YES;
				CLANG_WARN_DEPRECATED_OBJC_IMPLEMENTATIONS = YES;
				CLANG_WARN_DIRECT_OBJC_ISA_USAGE = YES_ERROR;
				CLANG_WARN_DOCUMENTATION_COMMENTS = YES;
				CLANG_WARN_EMPTY_BODY = YES;
				CLANG_WARN_ENUM_CONVERSION = YES;
				CLANG_WARN_INFINITE_RECURSION = YES;
				CLANG_WARN_INT_CONVERSION = YES;
				CLANG_WARN_NON_LITERAL_NULL_CONVERSION = YES;
				CLANG_WARN_OBJC_IMPLICIT_RETAIN_SELF = YES;
				CLANG_WARN_OBJC_LITERAL_CONVERSION = YES;
				CLANG_WARN_OBJC_ROOT_CLASS = YES_ERROR;
				CLANG_WARN_QUOTED_INCLUDE_IN_FRAMEWORK_HEADER = YES;
				CLANG_WARN_RANGE_LOOP_ANALYSIS = YES;
				CLANG_WARN_STRICT_PROTOTYPES = YES;
				CLANG_WARN_SUSPICIOUS_MOVE = YES;
				CLANG_WARN_UNGUARDED_AVAILABILITY = YES_AGGRESSIVE;
				CLANG_WARN_UNREACHABLE_CODE = YES;
				CLANG_WARN__DUPLICATE_METHOD_MATCH = YES;
				COPY_PHASE_STRIP = NO;
				DEBUG_INFORMATION_FORMAT = "dwarf-with-dsym";
				ENABLE_NS_ASSERTIONS = NO;
				ENABLE_STRICT_OBJC_MSGSEND = YES;
				GCC_C_LANGUAGE_STANDARD = gnu11;
				GCC_NO_COMMON_BLOCKS = YES;
				GCC_WARN_64_TO_32_BIT_CONVERSION = YES;
				GCC_WARN_ABOUT_RETURN_TYPE = YES_ERROR;
				GCC_WARN_UNDECLARED_SELECTOR = YES;
				GCC_WARN_UNINITIALIZED_AUTOS = YES_AGGRESSIVE;
				GCC_WARN_UNUSED_FUNCTION = YES;
				GCC_WARN_UNUSED_VARIABLE = YES;
				IPHONEOS_DEPLOYMENT_TARGET = 16.4;
				MTL_ENABLE_DEBUG_INFO = NO;
				MTL_FAST_MATH = YES;
				SDKROOT = iphoneos;
				SWIFT_COMPILATION_MODE = wholemodule;
				SWIFT_OPTIMIZATION_LEVEL = "-O";
				VALIDATE_PRODUCT = YES;
			};
			name = Release;
		};
		D681FE5A2A72001100C1D6CB /* Debug */ = {
			isa = XCBuildConfiguration;
			buildSettings = {
				ASSETCATALOG_COMPILER_APPICON_NAME = AppIcon;
				ASSETCATALOG_COMPILER_GLOBAL_ACCENT_COLOR_NAME = AccentColor;
				CODE_SIGN_STYLE = Automatic;
				CURRENT_PROJECT_VERSION = 1;
				DEVELOPMENT_TEAM = Y7C6A3W353;
				GENERATE_INFOPLIST_FILE = YES;
				INFOPLIST_FILE = SeSacWeek3/Info.plist;
				INFOPLIST_KEY_UIApplicationSupportsIndirectInputEvents = YES;
				INFOPLIST_KEY_UILaunchStoryboardName = LaunchScreen;
				INFOPLIST_KEY_UIMainStoryboardFile = Main;
				INFOPLIST_KEY_UISupportedInterfaceOrientations_iPad = "UIInterfaceOrientationPortrait UIInterfaceOrientationPortraitUpsideDown UIInterfaceOrientationLandscapeLeft UIInterfaceOrientationLandscapeRight";
				INFOPLIST_KEY_UISupportedInterfaceOrientations_iPhone = "UIInterfaceOrientationPortrait UIInterfaceOrientationLandscapeLeft UIInterfaceOrientationLandscapeRight";
				LD_RUNPATH_SEARCH_PATHS = (
					"$(inherited)",
					"@executable_path/Frameworks",
				);
				MARKETING_VERSION = 1.0;
				PRODUCT_BUNDLE_IDENTIFIER = com.sangnam.SeSacWeek3;
				PRODUCT_NAME = "$(TARGET_NAME)";
				SWIFT_EMIT_LOC_STRINGS = YES;
				SWIFT_VERSION = 5.0;
				TARGETED_DEVICE_FAMILY = "1,2";
			};
			name = Debug;
		};
		D681FE5B2A72001100C1D6CB /* Release */ = {
			isa = XCBuildConfiguration;
			buildSettings = {
				ASSETCATALOG_COMPILER_APPICON_NAME = AppIcon;
				ASSETCATALOG_COMPILER_GLOBAL_ACCENT_COLOR_NAME = AccentColor;
				CODE_SIGN_STYLE = Automatic;
				CURRENT_PROJECT_VERSION = 1;
				DEVELOPMENT_TEAM = Y7C6A3W353;
				GENERATE_INFOPLIST_FILE = YES;
				INFOPLIST_FILE = SeSacWeek3/Info.plist;
				INFOPLIST_KEY_UIApplicationSupportsIndirectInputEvents = YES;
				INFOPLIST_KEY_UILaunchStoryboardName = LaunchScreen;
				INFOPLIST_KEY_UIMainStoryboardFile = Main;
				INFOPLIST_KEY_UISupportedInterfaceOrientations_iPad = "UIInterfaceOrientationPortrait UIInterfaceOrientationPortraitUpsideDown UIInterfaceOrientationLandscapeLeft UIInterfaceOrientationLandscapeRight";
				INFOPLIST_KEY_UISupportedInterfaceOrientations_iPhone = "UIInterfaceOrientationPortrait UIInterfaceOrientationLandscapeLeft UIInterfaceOrientationLandscapeRight";
				LD_RUNPATH_SEARCH_PATHS = (
					"$(inherited)",
					"@executable_path/Frameworks",
				);
				MARKETING_VERSION = 1.0;
				PRODUCT_BUNDLE_IDENTIFIER = com.sangnam.SeSacWeek3;
				PRODUCT_NAME = "$(TARGET_NAME)";
				SWIFT_EMIT_LOC_STRINGS = YES;
				SWIFT_VERSION = 5.0;
				TARGETED_DEVICE_FAMILY = "1,2";
			};
			name = Release;
		};
/* End XCBuildConfiguration section */

/* Begin XCConfigurationList section */
		D681FE402A72001000C1D6CB /* Build configuration list for PBXProject "SeSacWeek3" */ = {
			isa = XCConfigurationList;
			buildConfigurations = (
				D681FE572A72001100C1D6CB /* Debug */,
				D681FE582A72001100C1D6CB /* Release */,
			);
			defaultConfigurationIsVisible = 0;
			defaultConfigurationName = Release;
		};
		D681FE592A72001100C1D6CB /* Build configuration list for PBXNativeTarget "SeSacWeek3" */ = {
			isa = XCConfigurationList;
			buildConfigurations = (
				D681FE5A2A72001100C1D6CB /* Debug */,
				D681FE5B2A72001100C1D6CB /* Release */,
			);
			defaultConfigurationIsVisible = 0;
			defaultConfigurationName = Release;
		};
/* End XCConfigurationList section */
	};
	rootObject = D681FE3D2A72001000C1D6CB /* Project object */;
}
